    "node_modules/supabase-linux-x64": {
      "version": "2.111.0",
      "resolved": "https://registry.npmjs.org/supabase-linux-x64/-/supabase-linux-x64-2.111.0.tgz",
      "integrity": "sha512-4J1LPy3FzM2e7XN/8p3YQYlZ48p5Kx0m6l8b5z8v2N4b6M1L5k8v9Y0z1a2b3c4d5e6f7==",
      "cpu": [
        "x64"
      ],
      "dev": true,
      "optional": true,
      "os": [
        "linux"
      ]
    },
    "node_modules/@supabase/cli-linux-x64": {
      "version": "2.111.0",
      "resolved": "https://registry.npmjs.org/supabase-linux-x64/-/supabase-linux-x64-2.111.0.tgz",
      "integrity": "sha512-4J1LPy3FzM2e7XN/8p3YQYlZ48p5Kx0m6l8b5z8v2N4b6M1L5k8v9Y0z1a2b3c4d5e6f7==",
      "cpu": [
        "x64"
      ],
      "dev": true,
      "optional": true,
      "os": [
        "linux"
      ]
    },